<Solution>
  <Folder Name="/src/" />
  <Folder Name="/src/Core/">
    <Project Path="src/Core/NetCompare.Core.csproj" />
  </Folder>
  <Folder Name="/src/Web/">
    <Project Path="src/Web/NetCompare.Web.csproj" />
  </Folder>
  <Folder Name="/tests/">
    <Project Path="tests/NetCompare.Tests.csproj" />
  </Folder>
</Solution>
